PODS:
  - HLTrafficLightsIndicatorView (0.1.0)

DEPENDENCIES:
  - HLTrafficLightsIndicatorView (from `../`)

EXTERNAL SOURCES:
  HLTrafficLightsIndicatorView:
    :path: "../"

SPEC CHECKSUMS:
  HLTrafficLightsIndicatorView: '08bf11954c3c06f02b471a67c1c3e228b24cca5c'

PODFILE CHECKSUM: a2238125dbaebcbc8ebcbedfb45592536928e9ea

COCOAPODS: 1.2.1
